
Microsoft Visual Studio Solution File, Format Version 12.00
# Visual Studio 15
VisualStudioVersion = 15.0.27703.2026
MinimumVisualStudioVersion = 10.0.40219.1
Project("{8BC9CEB8-8B4A-11D0-8D11-00A0C91BC942}") = "DataStructAndAlgorithm", "DataStructAndAlgorithm\DataStructAndAlgorithm.vcxproj", "{F5B9F579-8C91-443A-95EB-C4E7102B7AAF}"
EndProject
Project("{2150E333-8FDC-42A3-9474-1A3956D46DE8}") = "Tree", "Tree", "{05503744-59D7-43DC-9C44-154AB3F68932}"
EndProject
Project("{2150E333-8FDC-42A3-9474-1A3956D46DE8}") = "BinTree", "BinTree", "{D6A1E9C8-C3AF-430B-8984-91BAD281E8C0}"
EndProject
Project("{2150E333-8FDC-42A3-9474-1A3956D46DE8}") = "BST", "BST", "{3F8BAB62-C591-415A-9EA6-88BEB8EBA1C9}"
EndProject
Project("{2150E333-8FDC-42A3-9474-1A3956D46DE8}") = "BBST", "BBST", "{5528D005-814F-404C-9CF7-1CA99DAA34B9}"
EndProject
Project("{2150E333-8FDC-42A3-9474-1A3956D46DE8}") = "Graph", "Graph", "{55C5202E-D411-4324-8040-652616684136}"
EndProject
Project("{2150E333-8FDC-42A3-9474-1A3956D46DE8}") = "Hashtable", "Hashtable", "{9216CA4B-428F-4054-BAD8-3445920D08FF}"
EndProject
Project("{8BC9CEB8-8B4A-11D0-8D11-00A0C91BC942}") = "BinTree", "BinTree\BinTree.vcxproj", "{02C400F7-B01D-4FF1-B82D-41D61DEAC78D}"
EndProject
Project("{2150E333-8FDC-42A3-9474-1A3956D46DE8}") = "List", "List", "{D2DA8A8B-0E60-467A-81AD-FE92BD35D07B}"
EndProject
Project("{8BC9CEB8-8B4A-11D0-8D11-00A0C91BC942}") = "list", "list\list.vcxproj", "{8F53E0AE-0D56-4CB9-946A-627CBECC56A5}"
EndProject
Project("{8BC9CEB8-8B4A-11D0-8D11-00A0C91BC942}") = "queue", "queue\queue.vcxproj", "{9B86ECBB-2AC1-4A17-983C-01F0C12B8862}"
EndProject
Project("{8BC9CEB8-8B4A-11D0-8D11-00A0C91BC942}") = "stack", "stack\stack.vcxproj", "{E1A592F0-C152-4B29-B3CD-F218382351D9}"
EndProject
Project("{2150E333-8FDC-42A3-9474-1A3956D46DE8}") = "Vector", "Vector", "{DC4B1307-EC3C-4087-9AFC-FFB1D37F6485}"
EndProject
Project("{8BC9CEB8-8B4A-11D0-8D11-00A0C91BC942}") = "vector", "vector\vector.vcxproj", "{7A56F42A-198A-4653-B40E-0AABAAD3844A}"
EndProject
Project("{8BC9CEB8-8B4A-11D0-8D11-00A0C91BC942}") = "graphMatrix", "graphMatrix\graphMatrix.vcxproj", "{9C7ECFDA-E487-464F-9FE7-B2E14CF972FF}"
EndProject
Project("{8BC9CEB8-8B4A-11D0-8D11-00A0C91BC942}") = "hashtable", "hashtable\hashtable.vcxproj", "{B5C81973-9222-4F08-A491-2A94736FE7A9}"
EndProject
Project("{2150E333-8FDC-42A3-9474-1A3956D46DE8}") = "Bitmap", "Bitmap", "{1A789C1C-00DE-4352-9425-7D7CC00E8E07}"
EndProject
Project("{8BC9CEB8-8B4A-11D0-8D11-00A0C91BC942}") = "Bitmap", "bitmap\Bitmap.vcxproj", "{08812D91-24D7-4542-9DFC-E6B04EE8D3A6}"
EndProject
Project("{8BC9CEB8-8B4A-11D0-8D11-00A0C91BC942}") = "Bitmap_set_only", "Bitmap_set_only\Bitmap_set_only.vcxproj", "{5EA35CA4-C38B-4B72-8288-15A79FDB6DE6}"
EndProject
Project("{8BC9CEB8-8B4A-11D0-8D11-00A0C91BC942}") = "BTree", "BTree\BTree.vcxproj", "{57EBCD5F-38E8-414D-9EC7-320652C180C8}"
EndProject
Project("{8BC9CEB8-8B4A-11D0-8D11-00A0C91BC942}") = "RedBlack", "RedBlack\RedBlack.vcxproj", "{15B32825-532D-4EE4-AA22-6338108C8A41}"
EndProject
Project("{8BC9CEB8-8B4A-11D0-8D11-00A0C91BC942}") = "BST", "BST\BST.vcxproj", "{0C70CCD1-D13D-4689-8003-D4C768B5AE30}"
EndProject
Project("{8BC9CEB8-8B4A-11D0-8D11-00A0C91BC942}") = "AVL", "AVL\AVL.vcxproj", "{40E0BD5A-35AB-4034-8D26-9958DDC7A43D}"
EndProject
Project("{8BC9CEB8-8B4A-11D0-8D11-00A0C91BC942}") = "Splay", "Splay\Splay.vcxproj", "{0A8B7738-218F-4DF6-A753-951E5765A71D}"
EndProject
Project("{2150E333-8FDC-42A3-9474-1A3956D46DE8}") = "Algorithm", "Algorithm", "{A30E67A7-AB28-4037-B699-D05FD0F62470}"
EndProject
Project("{2150E333-8FDC-42A3-9474-1A3956D46DE8}") = "Cache", "Cache", "{47E53974-6D47-4B7A-AD11-9249FC849E52}"
EndProject
Project("{8BC9CEB8-8B4A-11D0-8D11-00A0C91BC942}") = "LRUCache", "Algorithm\LRUCache\LRUCache.vcxproj", "{7AEA84D4-5B49-43C2-ADF0-BEA0879D0AAE}"
EndProject
Global
	GlobalSection(SolutionConfigurationPlatforms) = preSolution
		Debug|x64 = Debug|x64
		Debug|x86 = Debug|x86
		Release|x64 = Release|x64
		Release|x86 = Release|x86
	EndGlobalSection
	GlobalSection(ProjectConfigurationPlatforms) = postSolution
		{F5B9F579-8C91-443A-95EB-C4E7102B7AAF}.Debug|x64.ActiveCfg = Debug|x64
		{F5B9F579-8C91-443A-95EB-C4E7102B7AAF}.Debug|x64.Build.0 = Debug|x64
		{F5B9F579-8C91-443A-95EB-C4E7102B7AAF}.Debug|x86.ActiveCfg = Debug|Win32
		{F5B9F579-8C91-443A-95EB-C4E7102B7AAF}.Debug|x86.Build.0 = Debug|Win32
		{F5B9F579-8C91-443A-95EB-C4E7102B7AAF}.Release|x64.ActiveCfg = Release|x64
		{F5B9F579-8C91-443A-95EB-C4E7102B7AAF}.Release|x64.Build.0 = Release|x64
		{F5B9F579-8C91-443A-95EB-C4E7102B7AAF}.Release|x86.ActiveCfg = Release|Win32
		{F5B9F579-8C91-443A-95EB-C4E7102B7AAF}.Release|x86.Build.0 = Release|Win32
		{02C400F7-B01D-4FF1-B82D-41D61DEAC78D}.Debug|x64.ActiveCfg = Debug|x64
		{02C400F7-B01D-4FF1-B82D-41D61DEAC78D}.Debug|x64.Build.0 = Debug|x64
		{02C400F7-B01D-4FF1-B82D-41D61DEAC78D}.Debug|x86.ActiveCfg = Debug|Win32
		{02C400F7-B01D-4FF1-B82D-41D61DEAC78D}.Debug|x86.Build.0 = Debug|Win32
		{02C400F7-B01D-4FF1-B82D-41D61DEAC78D}.Release|x64.ActiveCfg = Release|x64
		{02C400F7-B01D-4FF1-B82D-41D61DEAC78D}.Release|x64.Build.0 = Release|x64
		{02C400F7-B01D-4FF1-B82D-41D61DEAC78D}.Release|x86.ActiveCfg = Release|Win32
		{02C400F7-B01D-4FF1-B82D-41D61DEAC78D}.Release|x86.Build.0 = Release|Win32
		{8F53E0AE-0D56-4CB9-946A-627CBECC56A5}.Debug|x64.ActiveCfg = Debug|x64
		{8F53E0AE-0D56-4CB9-946A-627CBECC56A5}.Debug|x64.Build.0 = Debug|x64
		{8F53E0AE-0D56-4CB9-946A-627CBECC56A5}.Debug|x86.ActiveCfg = Debug|Win32
		{8F53E0AE-0D56-4CB9-946A-627CBECC56A5}.Debug|x86.Build.0 = Debug|Win32
		{8F53E0AE-0D56-4CB9-946A-627CBECC56A5}.Release|x64.ActiveCfg = Release|x64
		{8F53E0AE-0D56-4CB9-946A-627CBECC56A5}.Release|x64.Build.0 = Release|x64
		{8F53E0AE-0D56-4CB9-946A-627CBECC56A5}.Release|x86.ActiveCfg = Release|Win32
		{8F53E0AE-0D56-4CB9-946A-627CBECC56A5}.Release|x86.Build.0 = Release|Win32
		{9B86ECBB-2AC1-4A17-983C-01F0C12B8862}.Debug|x64.ActiveCfg = Debug|x64
		{9B86ECBB-2AC1-4A17-983C-01F0C12B8862}.Debug|x64.Build.0 = Debug|x64
		{9B86ECBB-2AC1-4A17-983C-01F0C12B8862}.Debug|x86.ActiveCfg = Debug|Win32
		{9B86ECBB-2AC1-4A17-983C-01F0C12B8862}.Debug|x86.Build.0 = Debug|Win32
		{9B86ECBB-2AC1-4A17-983C-01F0C12B8862}.Release|x64.ActiveCfg = Release|x64
		{9B86ECBB-2AC1-4A17-983C-01F0C12B8862}.Release|x64.Build.0 = Release|x64
		{9B86ECBB-2AC1-4A17-983C-01F0C12B8862}.Release|x86.ActiveCfg = Release|Win32
		{9B86ECBB-2AC1-4A17-983C-01F0C12B8862}.Release|x86.Build.0 = Release|Win32
		{E1A592F0-C152-4B29-B3CD-F218382351D9}.Debug|x64.ActiveCfg = Debug|x64
		{E1A592F0-C152-4B29-B3CD-F218382351D9}.Debug|x64.Build.0 = Debug|x64
		{E1A592F0-C152-4B29-B3CD-F218382351D9}.Debug|x86.ActiveCfg = Debug|Win32
		{E1A592F0-C152-4B29-B3CD-F218382351D9}.Debug|x86.Build.0 = Debug|Win32
		{E1A592F0-C152-4B29-B3CD-F218382351D9}.Release|x64.ActiveCfg = Release|x64
		{E1A592F0-C152-4B29-B3CD-F218382351D9}.Release|x64.Build.0 = Release|x64
		{E1A592F0-C152-4B29-B3CD-F218382351D9}.Release|x86.ActiveCfg = Release|Win32
		{E1A592F0-C152-4B29-B3CD-F218382351D9}.Release|x86.Build.0 = Release|Win32
		{7A56F42A-198A-4653-B40E-0AABAAD3844A}.Debug|x64.ActiveCfg = Debug|x64
		{7A56F42A-198A-4653-B40E-0AABAAD3844A}.Debug|x64.Build.0 = Debug|x64
		{7A56F42A-198A-4653-B40E-0AABAAD3844A}.Debug|x86.ActiveCfg = Debug|Win32
		{7A56F42A-198A-4653-B40E-0AABAAD3844A}.Debug|x86.Build.0 = Debug|Win32
		{7A56F42A-198A-4653-B40E-0AABAAD3844A}.Release|x64.ActiveCfg = Release|x64
		{7A56F42A-198A-4653-B40E-0AABAAD3844A}.Release|x64.Build.0 = Release|x64
		{7A56F42A-198A-4653-B40E-0AABAAD3844A}.Release|x86.ActiveCfg = Release|Win32
		{7A56F42A-198A-4653-B40E-0AABAAD3844A}.Release|x86.Build.0 = Release|Win32
		{9C7ECFDA-E487-464F-9FE7-B2E14CF972FF}.Debug|x64.ActiveCfg = Debug|x64
		{9C7ECFDA-E487-464F-9FE7-B2E14CF972FF}.Debug|x64.Build.0 = Debug|x64
		{9C7ECFDA-E487-464F-9FE7-B2E14CF972FF}.Debug|x86.ActiveCfg = Debug|Win32
		{9C7ECFDA-E487-464F-9FE7-B2E14CF972FF}.Debug|x86.Build.0 = Debug|Win32
		{9C7ECFDA-E487-464F-9FE7-B2E14CF972FF}.Release|x64.ActiveCfg = Release|x64
		{9C7ECFDA-E487-464F-9FE7-B2E14CF972FF}.Release|x64.Build.0 = Release|x64
		{9C7ECFDA-E487-464F-9FE7-B2E14CF972FF}.Release|x86.ActiveCfg = Release|Win32
		{9C7ECFDA-E487-464F-9FE7-B2E14CF972FF}.Release|x86.Build.0 = Release|Win32
		{B5C81973-9222-4F08-A491-2A94736FE7A9}.Debug|x64.ActiveCfg = Debug|x64
		{B5C81973-9222-4F08-A491-2A94736FE7A9}.Debug|x64.Build.0 = Debug|x64
		{B5C81973-9222-4F08-A491-2A94736FE7A9}.Debug|x86.ActiveCfg = Debug|Win32
		{B5C81973-9222-4F08-A491-2A94736FE7A9}.Debug|x86.Build.0 = Debug|Win32
		{B5C81973-9222-4F08-A491-2A94736FE7A9}.Release|x64.ActiveCfg = Release|x64
		{B5C81973-9222-4F08-A491-2A94736FE7A9}.Release|x64.Build.0 = Release|x64
		{B5C81973-9222-4F08-A491-2A94736FE7A9}.Release|x86.ActiveCfg = Release|Win32
		{B5C81973-9222-4F08-A491-2A94736FE7A9}.Release|x86.Build.0 = Release|Win32
		{08812D91-24D7-4542-9DFC-E6B04EE8D3A6}.Debug|x64.ActiveCfg = Debug|x64
		{08812D91-24D7-4542-9DFC-E6B04EE8D3A6}.Debug|x64.Build.0 = Debug|x64
		{08812D91-24D7-4542-9DFC-E6B04EE8D3A6}.Debug|x86.ActiveCfg = Debug|Win32
		{08812D91-24D7-4542-9DFC-E6B04EE8D3A6}.Debug|x86.Build.0 = Debug|Win32
		{08812D91-24D7-4542-9DFC-E6B04EE8D3A6}.Release|x64.ActiveCfg = Release|x64
		{08812D91-24D7-4542-9DFC-E6B04EE8D3A6}.Release|x64.Build.0 = Release|x64
		{08812D91-24D7-4542-9DFC-E6B04EE8D3A6}.Release|x86.ActiveCfg = Release|Win32
		{08812D91-24D7-4542-9DFC-E6B04EE8D3A6}.Release|x86.Build.0 = Release|Win32
		{5EA35CA4-C38B-4B72-8288-15A79FDB6DE6}.Debug|x64.ActiveCfg = Debug|x64
		{5EA35CA4-C38B-4B72-8288-15A79FDB6DE6}.Debug|x64.Build.0 = Debug|x64
		{5EA35CA4-C38B-4B72-8288-15A79FDB6DE6}.Debug|x86.ActiveCfg = Debug|Win32
		{5EA35CA4-C38B-4B72-8288-15A79FDB6DE6}.Debug|x86.Build.0 = Debug|Win32
		{5EA35CA4-C38B-4B72-8288-15A79FDB6DE6}.Release|x64.ActiveCfg = Release|x64
		{5EA35CA4-C38B-4B72-8288-15A79FDB6DE6}.Release|x64.Build.0 = Release|x64
		{5EA35CA4-C38B-4B72-8288-15A79FDB6DE6}.Release|x86.ActiveCfg = Release|Win32
		{5EA35CA4-C38B-4B72-8288-15A79FDB6DE6}.Release|x86.Build.0 = Release|Win32
		{57EBCD5F-38E8-414D-9EC7-320652C180C8}.Debug|x64.ActiveCfg = Debug|x64
		{57EBCD5F-38E8-414D-9EC7-320652C180C8}.Debug|x64.Build.0 = Debug|x64
		{57EBCD5F-38E8-414D-9EC7-320652C180C8}.Debug|x86.ActiveCfg = Debug|Win32
		{57EBCD5F-38E8-414D-9EC7-320652C180C8}.Debug|x86.Build.0 = Debug|Win32
		{57EBCD5F-38E8-414D-9EC7-320652C180C8}.Release|x64.ActiveCfg = Release|x64
		{57EBCD5F-38E8-414D-9EC7-320652C180C8}.Release|x64.Build.0 = Release|x64
		{57EBCD5F-38E8-414D-9EC7-320652C180C8}.Release|x86.ActiveCfg = Release|Win32
		{57EBCD5F-38E8-414D-9EC7-320652C180C8}.Release|x86.Build.0 = Release|Win32
		{15B32825-532D-4EE4-AA22-6338108C8A41}.Debug|x64.ActiveCfg = Debug|x64
		{15B32825-532D-4EE4-AA22-6338108C8A41}.Debug|x64.Build.0 = Debug|x64
		{15B32825-532D-4EE4-AA22-6338108C8A41}.Debug|x86.ActiveCfg = Debug|Win32
		{15B32825-532D-4EE4-AA22-6338108C8A41}.Debug|x86.Build.0 = Debug|Win32
		{15B32825-532D-4EE4-AA22-6338108C8A41}.Release|x64.ActiveCfg = Release|x64
		{15B32825-532D-4EE4-AA22-6338108C8A41}.Release|x64.Build.0 = Release|x64
		{15B32825-532D-4EE4-AA22-6338108C8A41}.Release|x86.ActiveCfg = Release|Win32
		{15B32825-532D-4EE4-AA22-6338108C8A41}.Release|x86.Build.0 = Release|Win32
		{0C70CCD1-D13D-4689-8003-D4C768B5AE30}.Debug|x64.ActiveCfg = Debug|x64
		{0C70CCD1-D13D-4689-8003-D4C768B5AE30}.Debug|x64.Build.0 = Debug|x64
		{0C70CCD1-D13D-4689-8003-D4C768B5AE30}.Debug|x86.ActiveCfg = Debug|Win32
		{0C70CCD1-D13D-4689-8003-D4C768B5AE30}.Debug|x86.Build.0 = Debug|Win32
		{0C70CCD1-D13D-4689-8003-D4C768B5AE30}.Release|x64.ActiveCfg = Release|x64
		{0C70CCD1-D13D-4689-8003-D4C768B5AE30}.Release|x64.Build.0 = Release|x64
		{0C70CCD1-D13D-4689-8003-D4C768B5AE30}.Release|x86.ActiveCfg = Release|Win32
		{0C70CCD1-D13D-4689-8003-D4C768B5AE30}.Release|x86.Build.0 = Release|Win32
		{40E0BD5A-35AB-4034-8D26-9958DDC7A43D}.Debug|x64.ActiveCfg = Debug|x64
		{40E0BD5A-35AB-4034-8D26-9958DDC7A43D}.Debug|x64.Build.0 = Debug|x64
		{40E0BD5A-35AB-4034-8D26-9958DDC7A43D}.Debug|x86.ActiveCfg = Debug|Win32
		{40E0BD5A-35AB-4034-8D26-9958DDC7A43D}.Debug|x86.Build.0 = Debug|Win32
		{40E0BD5A-35AB-4034-8D26-9958DDC7A43D}.Release|x64.ActiveCfg = Release|x64
		{40E0BD5A-35AB-4034-8D26-9958DDC7A43D}.Release|x64.Build.0 = Release|x64
		{40E0BD5A-35AB-4034-8D26-9958DDC7A43D}.Release|x86.ActiveCfg = Release|Win32
		{40E0BD5A-35AB-4034-8D26-9958DDC7A43D}.Release|x86.Build.0 = Release|Win32
		{0A8B7738-218F-4DF6-A753-951E5765A71D}.Debug|x64.ActiveCfg = Debug|x64
		{0A8B7738-218F-4DF6-A753-951E5765A71D}.Debug|x64.Build.0 = Debug|x64
		{0A8B7738-218F-4DF6-A753-951E5765A71D}.Debug|x86.ActiveCfg = Debug|Win32
		{0A8B7738-218F-4DF6-A753-951E5765A71D}.Debug|x86.Build.0 = Debug|Win32
		{0A8B7738-218F-4DF6-A753-951E5765A71D}.Release|x64.ActiveCfg = Release|x64
		{0A8B7738-218F-4DF6-A753-951E5765A71D}.Release|x64.Build.0 = Release|x64
		{0A8B7738-218F-4DF6-A753-951E5765A71D}.Release|x86.ActiveCfg = Release|Win32
		{0A8B7738-218F-4DF6-A753-951E5765A71D}.Release|x86.Build.0 = Release|Win32
		{7AEA84D4-5B49-43C2-ADF0-BEA0879D0AAE}.Debug|x64.ActiveCfg = Debug|x64
		{7AEA84D4-5B49-43C2-ADF0-BEA0879D0AAE}.Debug|x64.Build.0 = Debug|x64
		{7AEA84D4-5B49-43C2-ADF0-BEA0879D0AAE}.Debug|x86.ActiveCfg = Debug|Win32
		{7AEA84D4-5B49-43C2-ADF0-BEA0879D0AAE}.Debug|x86.Build.0 = Debug|Win32
		{7AEA84D4-5B49-43C2-ADF0-BEA0879D0AAE}.Release|x64.ActiveCfg = Release|x64
		{7AEA84D4-5B49-43C2-ADF0-BEA0879D0AAE}.Release|x64.Build.0 = Release|x64
		{7AEA84D4-5B49-43C2-ADF0-BEA0879D0AAE}.Release|x86.ActiveCfg = Release|Win32
		{7AEA84D4-5B49-43C2-ADF0-BEA0879D0AAE}.Release|x86.Build.0 = Release|Win32
	EndGlobalSection
	GlobalSection(SolutionProperties) = preSolution
		HideSolutionNode = FALSE
	EndGlobalSection
	GlobalSection(NestedProjects) = preSolution
		{D6A1E9C8-C3AF-430B-8984-91BAD281E8C0} = {05503744-59D7-43DC-9C44-154AB3F68932}
		{3F8BAB62-C591-415A-9EA6-88BEB8EBA1C9} = {05503744-59D7-43DC-9C44-154AB3F68932}
		{5528D005-814F-404C-9CF7-1CA99DAA34B9} = {05503744-59D7-43DC-9C44-154AB3F68932}
		{02C400F7-B01D-4FF1-B82D-41D61DEAC78D} = {D6A1E9C8-C3AF-430B-8984-91BAD281E8C0}
		{8F53E0AE-0D56-4CB9-946A-627CBECC56A5} = {D2DA8A8B-0E60-467A-81AD-FE92BD35D07B}
		{9B86ECBB-2AC1-4A17-983C-01F0C12B8862} = {D2DA8A8B-0E60-467A-81AD-FE92BD35D07B}
		{E1A592F0-C152-4B29-B3CD-F218382351D9} = {D2DA8A8B-0E60-467A-81AD-FE92BD35D07B}
		{7A56F42A-198A-4653-B40E-0AABAAD3844A} = {DC4B1307-EC3C-4087-9AFC-FFB1D37F6485}
		{9C7ECFDA-E487-464F-9FE7-B2E14CF972FF} = {55C5202E-D411-4324-8040-652616684136}
		{B5C81973-9222-4F08-A491-2A94736FE7A9} = {9216CA4B-428F-4054-BAD8-3445920D08FF}
		{08812D91-24D7-4542-9DFC-E6B04EE8D3A6} = {1A789C1C-00DE-4352-9425-7D7CC00E8E07}
		{5EA35CA4-C38B-4B72-8288-15A79FDB6DE6} = {1A789C1C-00DE-4352-9425-7D7CC00E8E07}
		{57EBCD5F-38E8-414D-9EC7-320652C180C8} = {3F8BAB62-C591-415A-9EA6-88BEB8EBA1C9}
		{15B32825-532D-4EE4-AA22-6338108C8A41} = {5528D005-814F-404C-9CF7-1CA99DAA34B9}
		{0C70CCD1-D13D-4689-8003-D4C768B5AE30} = {3F8BAB62-C591-415A-9EA6-88BEB8EBA1C9}
		{40E0BD5A-35AB-4034-8D26-9958DDC7A43D} = {5528D005-814F-404C-9CF7-1CA99DAA34B9}
		{0A8B7738-218F-4DF6-A753-951E5765A71D} = {3F8BAB62-C591-415A-9EA6-88BEB8EBA1C9}
		{47E53974-6D47-4B7A-AD11-9249FC849E52} = {A30E67A7-AB28-4037-B699-D05FD0F62470}
		{7AEA84D4-5B49-43C2-ADF0-BEA0879D0AAE} = {47E53974-6D47-4B7A-AD11-9249FC849E52}
	EndGlobalSection
	GlobalSection(ExtensibilityGlobals) = postSolution
		SolutionGuid = {22E357DD-8AE3-479A-89DE-CB2E27DA6859}
	EndGlobalSection
EndGlobal
